
Microsoft Visual Studio Solution File, Format Version 12.00
# Visual Studio 2013
VisualStudioVersion = 12.0.21005.1
MinimumVisualStudioVersion = 10.0.40219.1
Project("{FAE04EC0-301F-11D3-BF4B-00C04F79EFBC}") = "QuanLySach", "QuanLySach\QuanLySach.csproj", "{BBC6A7BF-66E0-4F7D-A638-406FF0B07CEE}"
EndProject
Project("{FAE04EC0-301F-11D3-BF4B-00C04F79EFBC}") = "DTO", "DTO\DTO.csproj", "{F93B3EAC-6088-4F74-8141-35C21F97DBA1}"
EndProject
Project("{FAE04EC0-301F-11D3-BF4B-00C04F79EFBC}") = "DAO", "DAO\DAO.csproj", "{A335FEF4-FC11-4FF3-B1FB-DADAA9969631}"
EndProject
Global
	GlobalSection(SolutionConfigurationPlatforms) = preSolution
		Debug|Any CPU = Debug|Any CPU
		Release|Any CPU = Release|Any CPU
	EndGlobalSection
	GlobalSection(ProjectConfigurationPlatforms) = postSolution
		{BBC6A7BF-66E0-4F7D-A638-406FF0B07CEE}.Debug|Any CPU.ActiveCfg = Debug|Any CPU
		{BBC6A7BF-66E0-4F7D-A638-406FF0B07CEE}.Debug|Any CPU.Build.0 = Debug|Any CPU
		{BBC6A7BF-66E0-4F7D-A638-406FF0B07CEE}.Release|Any CPU.ActiveCfg = Release|Any CPU
		{BBC6A7BF-66E0-4F7D-A638-406FF0B07CEE}.Release|Any CPU.Build.0 = Release|Any CPU
		{F93B3EAC-6088-4F74-8141-35C21F97DBA1}.Debug|Any CPU.ActiveCfg = Debug|Any CPU
		{F93B3EAC-6088-4F74-8141-35C21F97DBA1}.Debug|Any CPU.Build.0 = Debug|Any CPU
		{F93B3EAC-6088-4F74-8141-35C21F97DBA1}.Release|Any CPU.ActiveCfg = Release|Any CPU
		{F93B3EAC-6088-4F74-8141-35C21F97DBA1}.Release|Any CPU.Build.0 = Release|Any CPU
		{A335FEF4-FC11-4FF3-B1FB-DADAA9969631}.Debug|Any CPU.ActiveCfg = Debug|Any CPU
		{A335FEF4-FC11-4FF3-B1FB-DADAA9969631}.Debug|Any CPU.Build.0 = Debug|Any CPU
		{A335FEF4-FC11-4FF3-B1FB-DADAA9969631}.Release|Any CPU.ActiveCfg = Release|Any CPU
		{A335FEF4-FC11-4FF3-B1FB-DADAA9969631}.Release|Any CPU.Build.0 = Release|Any CPU
	EndGlobalSection
	GlobalSection(SolutionProperties) = preSolution
		HideSolutionNode = FALSE
	EndGlobalSection
EndGlobal
